{
  "nodes": {
    "BOSL2": {
      "flake": false,
      "locked": {
        "lastModified": 1729417522,
        "narHash": "sha256-5XEmq8iHbEMgN1KTyWYTfLn5hGJb1PX009YEMtcU6LA=",
        "owner": "BelfrySCAD",
        "repo": "BOSL2",
        "rev": "eccdecca4f383b5696585e812865505d156e2566",
        "type": "github"
      },
      "original": {
        "owner": "BelfrySCAD",
        "repo": "BOSL2",
        "type": "github"
      }
    },
    "agda-cubical": {
      "flake": false,
      "locked": {
        "lastModified": 1731508552,
        "narHash": "sha256-HVd5wlzicV9Oxfj9lL8u+I0i7xy9p11VOcJ5ESeBYVA=",
        "owner": "agda",
        "repo": "cubical",
        "rev": "9b7d5f27c12ad31e634f264a31395f52ad365a72",
        "type": "github"
      },
      "original": {
        "owner": "agda",
        "repo": "cubical",
        "type": "github"
      }
    },
    "agda-docsets": {
      "inputs": {
        "agda-index": "agda-index",
        "flake-utils": "flake-utils_2",
        "nixpkgs": [
          "nixpkgs"
        ]
      },
      "locked": {
        "lastModified": 1713897786,
        "narHash": "sha256-/AGvOtMQONSHnqbQcJ12Eas0FyZEfz4k44xDMr3ktOE=",
        "owner": "phijor",
        "repo": "agda-docsets",
        "rev": "9855f422601d6f5a83d71dfb4d014e032d8613d3",
        "type": "github"
      },
      "original": {
        "owner": "phijor",
        "repo": "agda-docsets",
        "type": "github"
      }
    },
    "agda-index": {
      "inputs": {
        "flake-utils": "flake-utils",
        "nixpkgs": "nixpkgs"
      },
      "locked": {
        "lastModified": 1713619491,
        "narHash": "sha256-GTP+hzEQ0sBDys1gEdtDBxBVE6z/JIBAAnyubIv2Qw0=",
        "owner": "phijor",
        "repo": "agda-index",
        "rev": "edae738120ed29244d1df3bdc3ec44e846faecd1",
        "type": "github"
      },
      "original": {
        "owner": "phijor",
        "repo": "agda-index",
        "type": "github"
      }
    },
    "cmp-agda-symbols": {
      "flake": false,
      "locked": {
        "lastModified": 1709208014,
        "narHash": "sha256-O+peKs/NeZADkVFFKgY7g34lejOQp+tlXrXEm9ZatYw=",
        "owner": "Arkissa",
        "repo": "cmp-agda-symbols",
        "rev": "4fe1a58d24a59146142af9181c211b26f0395a9e",
        "type": "github"
      },
      "original": {
        "owner": "Arkissa",
        "repo": "cmp-agda-symbols",
        "type": "github"
      }
    },
    "cmp-vimtex": {
      "flake": false,
      "locked": {
        "lastModified": 1716040164,
        "narHash": "sha256-CO70M+l/9c4vqNm0XloOTzGQTmogHbSwvUFKQxYGsuw=",
        "owner": "micangl",
        "repo": "cmp-vimtex",
        "rev": "a64b1b5eec0460144c91c4f20a45c74b8ded48ae",
        "type": "github"
      },
      "original": {
        "owner": "micangl",
        "repo": "cmp-vimtex",
        "type": "github"
      }
    },
    "cornelis": {
      "inputs": {
        "flake-compat": "flake-compat",
        "flake-utils": "flake-utils_3",
        "nixpkgs": "nixpkgs_2"
      },
      "locked": {
        "lastModified": 1715930772,
        "narHash": "sha256-gP32IWxjIApK0jxQn3Xorul5SXtMS2tq+K8Wj8afHgg=",
        "owner": "isovector",
        "repo": "cornelis",
        "rev": "06d6020eed1a3520bb2887337dd5b27b1755968b",
        "type": "github"
      },
      "original": {
        "owner": "isovector",
        "repo": "cornelis",
        "type": "github"
      }
    },
    "crane": {
      "inputs": {
        "nixpkgs": [
          "swayws",
          "nixpkgs"
        ]
      },
      "locked": {
        "lastModified": 1698166613,
        "narHash": "sha256-y4rdN4flxRiROqNi1waMYIZj/Fs7L2OrszFk/1ry9vU=",
        "owner": "ipetkov",
        "repo": "crane",
        "rev": "b7db46f0f1751f7b1d1911f6be7daf568ad5bc65",
        "type": "github"
      },
      "original": {
        "owner": "ipetkov",
        "repo": "crane",
        "type": "github"
      }
    },
    "devshell": {
      "inputs": {
        "flake-utils": "flake-utils_4",
        "nixpkgs": [
          "mikidep-neovim",
          "nixvim",
          "nixpkgs"
        ]
      },
      "locked": {
        "lastModified": 1717408969,
        "narHash": "sha256-Q0OEFqe35fZbbRPPRdrjTUUChKVhhWXz3T9ZSKmaoVY=",
        "owner": "numtide",
        "repo": "devshell",
        "rev": "1ebbe68d57457c8cae98145410b164b5477761f4",
        "type": "github"
      },
      "original": {
        "owner": "numtide",
        "repo": "devshell",
        "type": "github"
      }
    },
    "fenix": {
      "inputs": {
        "nixpkgs": [
          "swayws",
          "nixpkgs"
        ],
        "rust-analyzer-src": "rust-analyzer-src"
      },
      "locked": {
        "lastModified": 1698906096,
        "narHash": "sha256-xXsjyprR3xhv7V+0Tf4IDFEbGafwAvoK40900UYLkDY=",
        "owner": "nix-community",
        "repo": "fenix",
        "rev": "2634e2ffc5501957922285a87a83e430d8bc29cb",
        "type": "github"
      },
      "original": {
        "owner": "nix-community",
        "repo": "fenix",
        "type": "github"
      }
    },
    "flake-compat": {
      "flake": false,
      "locked": {
        "lastModified": 1696426674,
        "narHash": "sha256-kvjfFW7WAETZlt09AgDn1MrtKzP7t90Vf7vypd3OL1U=",
        "owner": "edolstra",
        "repo": "flake-compat",
        "rev": "0f9255e01c2351cc7d116c072cb317785dd33b33",
        "type": "github"
      },
      "original": {
        "owner": "edolstra",
        "repo": "flake-compat",
        "type": "github"
      }
    },
    "flake-compat_2": {
      "locked": {
        "lastModified": 1696426674,
        "narHash": "sha256-kvjfFW7WAETZlt09AgDn1MrtKzP7t90Vf7vypd3OL1U=",
        "rev": "0f9255e01c2351cc7d116c072cb317785dd33b33",
        "revCount": 57,
        "type": "tarball",
        "url": "https://api.flakehub.com/f/pinned/edolstra/flake-compat/1.0.1/018afb31-abd1-7bff-a5e4-cff7e18efb7a/source.tar.gz"
      },
      "original": {
        "type": "tarball",
        "url": "https://flakehub.com/f/edolstra/flake-compat/1.tar.gz"
      }
    },
    "flake-compat_3": {
      "flake": false,
      "locked": {
        "lastModified": 1696426674,
        "narHash": "sha256-kvjfFW7WAETZlt09AgDn1MrtKzP7t90Vf7vypd3OL1U=",
        "owner": "edolstra",
        "repo": "flake-compat",
        "rev": "0f9255e01c2351cc7d116c072cb317785dd33b33",
        "type": "github"
      },
      "original": {
        "owner": "edolstra",
        "repo": "flake-compat",
        "type": "github"
      }
    },
    "flake-parts": {
      "inputs": {
        "nixpkgs-lib": "nixpkgs-lib"
      },
      "locked": {
        "lastModified": 1717285511,
        "narHash": "sha256-iKzJcpdXih14qYVcZ9QC9XuZYnPc6T8YImb6dX166kw=",
        "owner": "hercules-ci",
        "repo": "flake-parts",
        "rev": "2a55567fcf15b1b1c7ed712a2c6fadaec7412ea8",
        "type": "github"
      },
      "original": {
        "owner": "hercules-ci",
        "repo": "flake-parts",
        "type": "github"
      }
    },
    "flake-parts_2": {
      "inputs": {
        "nixpkgs-lib": [
          "mikidep-neovim",
          "nixvim",
          "nixpkgs"
        ]
      },
      "locked": {
        "lastModified": 1717285511,
        "narHash": "sha256-iKzJcpdXih14qYVcZ9QC9XuZYnPc6T8YImb6dX166kw=",
        "owner": "hercules-ci",
        "repo": "flake-parts",
        "rev": "2a55567fcf15b1b1c7ed712a2c6fadaec7412ea8",
        "type": "github"
      },
      "original": {
        "owner": "hercules-ci",
        "repo": "flake-parts",
        "type": "github"
      }
    },
    "flake-utils": {
      "inputs": {
        "systems": "systems"
      },
      "locked": {
        "lastModified": 1710146030,
        "narHash": "sha256-SZ5L6eA7HJ/nmkzGG7/ISclqe6oZdOZTNoesiInkXPQ=",
        "owner": "numtide",
        "repo": "flake-utils",
        "rev": "b1d9ab70662946ef0850d488da1c9019f3a9752a",
        "type": "github"
      },
      "original": {
        "owner": "numtide",
        "repo": "flake-utils",
        "type": "github"
      }
    },
    "flake-utils_2": {
      "inputs": {
        "systems": "systems_2"
      },
      "locked": {
        "lastModified": 1710146030,
        "narHash": "sha256-SZ5L6eA7HJ/nmkzGG7/ISclqe6oZdOZTNoesiInkXPQ=",
        "owner": "numtide",
        "repo": "flake-utils",
        "rev": "b1d9ab70662946ef0850d488da1c9019f3a9752a",
        "type": "github"
      },
      "original": {
        "owner": "numtide",
        "repo": "flake-utils",
        "type": "github"
      }
    },
    "flake-utils_3": {
      "inputs": {
        "systems": "systems_3"
      },
      "locked": {
        "lastModified": 1710146030,
        "narHash": "sha256-SZ5L6eA7HJ/nmkzGG7/ISclqe6oZdOZTNoesiInkXPQ=",
        "owner": "numtide",
        "repo": "flake-utils",
        "rev": "b1d9ab70662946ef0850d488da1c9019f3a9752a",
        "type": "github"
      },
      "original": {
        "owner": "numtide",
        "repo": "flake-utils",
        "type": "github"
      }
    },
    "flake-utils_4": {
      "inputs": {
        "systems": "systems_4"
      },
      "locked": {
        "lastModified": 1701680307,
        "narHash": "sha256-kAuep2h5ajznlPMD9rnQyffWG8EM/C73lejGofXvdM8=",
        "owner": "numtide",
        "repo": "flake-utils",
        "rev": "4022d587cbbfd70fe950c1e2083a02621806a725",
        "type": "github"
      },
      "original": {
        "owner": "numtide",
        "repo": "flake-utils",
        "type": "github"
      }
    },
    "flake-utils_5": {
      "inputs": {
        "systems": "systems_5"
      },
      "locked": {
        "lastModified": 1694529238,
        "narHash": "sha256-zsNZZGTGnMOf9YpHKJqMSsa0dXbfmxeoJ7xHlrt+xmY=",
        "owner": "numtide",
        "repo": "flake-utils",
        "rev": "ff7b65b44d01cf9ba6a71320833626af21126384",
        "type": "github"
      },
      "original": {
        "owner": "numtide",
        "repo": "flake-utils",
        "type": "github"
      }
    },
    "floating-help-nvim": {
      "flake": false,
      "locked": {
        "lastModified": 1714942035,
        "narHash": "sha256-S1dDrcN8nnWn2lc1M40QfWuPWtvrAvDk+cXiEvUVVs0=",
        "owner": "Tyler-Barham",
        "repo": "floating-help.nvim",
        "rev": "1e61cb6804b7aac7fb0ccfdccbbd01a0a4c92241",
        "type": "github"
      },
      "original": {
        "owner": "Tyler-Barham",
        "repo": "floating-help.nvim",
        "type": "github"
      }
    },
    "fuse-archive-yazi": {
      "flake": false,
      "locked": {
        "lastModified": 1729590058,
        "narHash": "sha256-NXVc8nIGVePExWBX8TtStb7aAUy9kDmf3FxcExKbz5A=",
        "owner": "dawsers",
        "repo": "fuse-archive.yazi",
        "rev": "21363ce30d7745d2ffea61cc22d6d29b6d0fdfbd",
        "type": "github"
      },
      "original": {
        "owner": "dawsers",
        "repo": "fuse-archive.yazi",
        "type": "github"
      }
    },
    "git-hooks": {
      "inputs": {
        "flake-compat": "flake-compat_3",
        "gitignore": "gitignore",
        "nixpkgs": [
          "mikidep-neovim",
          "nixvim",
          "nixpkgs"
        ],
        "nixpkgs-stable": [
          "mikidep-neovim",
          "nixvim",
          "nixpkgs"
        ]
      },
      "locked": {
        "lastModified": 1719259945,
        "narHash": "sha256-F1h+XIsGKT9TkGO3omxDLEb/9jOOsI6NnzsXFsZhry4=",
        "owner": "cachix",
        "repo": "git-hooks.nix",
        "rev": "0ff4381bbb8f7a52ca4a851660fc7a437a4c6e07",
        "type": "github"
      },
      "original": {
        "owner": "cachix",
        "repo": "git-hooks.nix",
        "type": "github"
      }
    },
    "gitignore": {
      "inputs": {
        "nixpkgs": [
          "mikidep-neovim",
          "nixvim",
          "git-hooks",
          "nixpkgs"
        ]
      },
      "locked": {
        "lastModified": 1709087332,
        "narHash": "sha256-HG2cCnktfHsKV0s4XW83gU3F57gaTljL9KNSuG6bnQs=",
        "owner": "hercules-ci",
        "repo": "gitignore.nix",
        "rev": "637db329424fd7e46cf4185293b9cc8c88c95394",
        "type": "github"
      },
      "original": {
        "owner": "hercules-ci",
        "repo": "gitignore.nix",
        "type": "github"
      }
    },
    "guihua-lua": {
      "flake": false,
      "locked": {
        "lastModified": 1717591195,
        "narHash": "sha256-V5rlORFlhgjAT0n+LcpMNdY+rEqQpur/KGTGH6uFxMY=",
        "owner": "ray-x",
        "repo": "guihua.lua",
        "rev": "225db770e36aae6a1e9e3a65578095c8eb4038d3",
        "type": "github"
      },
      "original": {
        "owner": "ray-x",
        "repo": "guihua.lua",
        "type": "github"
      }
    },
    "home-manager": {
      "inputs": {
        "nixpkgs": [
          "nixpkgs"
        ]
      },
      "locked": {
        "lastModified": 1729716953,
        "narHash": "sha256-FbRKGRRd0amsk/WS/UV9ukJ8jT1dZ2pJBISxkX+uq6A=",
        "owner": "nix-community",
        "repo": "home-manager",
        "rev": "a4353cc43d1b4dd6bdeacea90eb92a8b7b78a9d7",
        "type": "github"
      },
      "original": {
        "owner": "nix-community",
        "repo": "home-manager",
        "type": "github"
      }
    },
    "home-manager_2": {
      "inputs": {
        "nixpkgs": [
          "mikidep-neovim",
          "nixvim",
          "nixpkgs"
        ]
      },
      "locked": {
        "lastModified": 1719180626,
        "narHash": "sha256-vZAzm5KQpR6RGple1dzmSJw5kPivES2heCFM+ZWkt0I=",
        "owner": "nix-community",
        "repo": "home-manager",
        "rev": "6b1f90a8ff92e81638ae6eb48cd62349c3e387bb",
        "type": "github"
      },
      "original": {
        "owner": "nix-community",
        "repo": "home-manager",
        "type": "github"
      }
    },
    "i3-switch-if-workspace-empty": {
      "flake": false,
      "locked": {
        "lastModified": 1542452636,
        "narHash": "sha256-26AdZPUQA9hZjjoqduBP6i7EtbtKWBTkOwIG2bJlxIc=",
        "owner": "giuseppe-dandrea",
        "repo": "i3-switch-if-workspace-empty",
        "rev": "8c033c1a9874e9eb703170e14b6e15fb21da1c3f",
        "type": "github"
      },
      "original": {
        "owner": "giuseppe-dandrea",
        "repo": "i3-switch-if-workspace-empty",
        "type": "github"
      }
    },
    "lasercut-box-openscad": {
      "flake": false,
      "locked": {
        "lastModified": 1681557149,
        "narHash": "sha256-L7cOuIUElCttGGPYZadp/1A986HlzMoBHKj1xk6B+vI=",
        "owner": "larsch",
        "repo": "lasercut-box-openscad",
        "rev": "0496a3a6516b91f7c5b02f35b9db21936ef27e01",
        "type": "github"
      },
      "original": {
        "owner": "larsch",
        "repo": "lasercut-box-openscad",
        "type": "github"
      }
    },
    "luasnip-latex-snippets-nvim": {
      "flake": false,
      "locked": {
        "lastModified": 1714189060,
        "narHash": "sha256-HITJIcDctnGEWXJLagLeYs+e9c3buBWU1gkE6wAY37M=",
        "owner": "evesdropper",
        "repo": "luasnip-latex-snippets.nvim",
        "rev": "5f61eb4b0b98633eaa6ca7deacc2818216efc695",
        "type": "github"
      },
      "original": {
        "owner": "evesdropper",
        "repo": "luasnip-latex-snippets.nvim",
        "type": "github"
      }
    },
    "marp-nvim": {
      "flake": false,
      "locked": {
        "lastModified": 1703673246,
        "narHash": "sha256-6m2FkJ1Th6lHIwDSPrxLBXVg9sja1TMvSSQNp+Srpw0=",
        "owner": "mpas",
        "repo": "marp-nvim",
        "rev": "dce795d8f8b0d9b5516d31b739dffe915f73f49d",
        "type": "github"
      },
      "original": {
        "owner": "mpas",
        "repo": "marp-nvim",
        "type": "github"
      }
    },
    "midnight-nvim": {
      "flake": false,
      "locked": {
        "lastModified": 1708792234,
        "narHash": "sha256-wkXMmFGLjm5MyLz5SkSVWf8R8PCFdjXoh/04JwKfV6o=",
        "owner": "dasupradyumna",
        "repo": "midnight.nvim",
        "rev": "b5a1dd02a3c2ddc56de8466da45895b19981584a",
        "type": "github"
      },
      "original": {
        "owner": "dasupradyumna",
        "repo": "midnight.nvim",
        "type": "github"
      }
    },
    "mikidep-neovim": {
      "inputs": {
        "cmp-agda-symbols": "cmp-agda-symbols",
        "cmp-vimtex": "cmp-vimtex",
        "cornelis": "cornelis",
        "flake-parts": "flake-parts",
        "floating-help-nvim": "floating-help-nvim",
        "guihua-lua": "guihua-lua",
        "luasnip-latex-snippets-nvim": "luasnip-latex-snippets-nvim",
        "marp-nvim": "marp-nvim",
        "midnight-nvim": "midnight-nvim",
        "nixpkgs": [
          "nixpkgs"
        ],
        "nixvim": "nixvim",
        "nvfs": "nvfs",
        "sad-nvim": "sad-nvim",
        "scrolleof-nvim": "scrolleof-nvim",
        "telescope-git-file-history-nvim": "telescope-git-file-history-nvim",
        "telescope-luasnip-nvim": "telescope-luasnip-nvim",
        "tshjkl": "tshjkl"
      },
      "locked": {
        "lastModified": 1725613183,
        "narHash": "sha256-OQgd43r2HCZGmAnj0CD/18WTxL5vKm2XV6xqGTqItEE=",
        "owner": "mikidep",
        "repo": "neovim",
        "rev": "1f4ce02492b970471c56e7a4abe00308c1cc8512",
        "type": "github"
      },
      "original": {
        "owner": "mikidep",
        "repo": "neovim",
        "type": "github"
      }
    },
    "nix-darwin": {
      "inputs": {
        "nixpkgs": [
          "mikidep-neovim",
          "nixvim",
          "nixpkgs"
        ]
      },
      "locked": {
        "lastModified": 1719128254,
        "narHash": "sha256-I7jMpq0CAOZA/i70+HDQO/ulLttyQu/K70cSESiMX7A=",
        "owner": "lnl7",
        "repo": "nix-darwin",
        "rev": "50581970f37f06a4719001735828519925ef8310",
        "type": "github"
      },
      "original": {
        "owner": "lnl7",
        "repo": "nix-darwin",
        "type": "github"
      }
    },
    "nix-env-fish": {
      "flake": false,
      "locked": {
        "lastModified": 1638213644,
        "narHash": "sha256-RG/0rfhgq6aEKNZ0XwIqOaZ6K5S4+/Y5EEMnIdtfPhk=",
        "owner": "lilyball",
        "repo": "nix-env.fish",
        "rev": "7b65bd228429e852c8fdfa07601159130a818cfa",
        "type": "github"
      },
      "original": {
        "owner": "lilyball",
        "repo": "nix-env.fish",
        "type": "github"
      }
    },
    "nix-index-database": {
      "inputs": {
        "nixpkgs": [
          "nixpkgs"
        ]
      },
      "locked": {
        "lastModified": 1729394935,
        "narHash": "sha256-2ntUG+NJKdfhlrh/tF+jOU0fOesO7lm5ZZVSYitsvH8=",
        "owner": "Mic92",
        "repo": "nix-index-database",
        "rev": "04f8a11f247ba00263b060fbcdc95484fd046104",
        "type": "github"
      },
      "original": {
        "owner": "Mic92",
        "repo": "nix-index-database",
        "type": "github"
      }
    },
    "nixpkgs": {
      "locked": {
        "lastModified": 1713254108,
        "narHash": "sha256-0TZIsfDbHG5zibtlw6x0yOp3jkInIGaJ35B7Y4G8Pec=",
        "owner": "NixOS",
        "repo": "nixpkgs",
        "rev": "2fd19c8be2551a61c1ddc3d9f86d748f4db94f00",
        "type": "github"
      },
      "original": {
        "owner": "NixOS",
        "ref": "nixpkgs-unstable",
        "repo": "nixpkgs",
        "type": "github"
      }
    },
    "nixpkgs-lib": {
      "locked": {
        "lastModified": 1717284937,
        "narHash": "sha256-lIbdfCsf8LMFloheeE6N31+BMIeixqyQWbSr2vk79EQ=",
        "type": "tarball",
        "url": "https://github.com/NixOS/nixpkgs/archive/eb9ceca17df2ea50a250b6b27f7bf6ab0186f198.tar.gz"
      },
      "original": {
        "type": "tarball",
        "url": "https://github.com/NixOS/nixpkgs/archive/eb9ceca17df2ea50a250b6b27f7bf6ab0186f198.tar.gz"
      }
    },
    "nixpkgs_2": {
      "locked": {
        "lastModified": 1711231723,
        "narHash": "sha256-dARJQ8AJOv6U+sdRePkbcVyVbXJTi1tReCrkkOeusiA=",
        "owner": "NixOS",
        "repo": "nixpkgs",
        "rev": "e1d501922fd7351da4200e1275dfcf5faaad1220",
        "type": "github"
      },
      "original": {
        "owner": "NixOS",
        "ref": "nixpkgs-unstable",
        "repo": "nixpkgs",
        "type": "github"
      }
    },
    "nixpkgs_3": {
      "locked": {
        "lastModified": 1719254875,
        "narHash": "sha256-ECni+IkwXjusHsm9Sexdtq8weAq/yUyt1TWIemXt3Ko=",
        "owner": "NixOS",
        "repo": "nixpkgs",
        "rev": "2893f56de08021cffd9b6b6dfc70fd9ccd51eb60",
        "type": "github"
      },
      "original": {
        "owner": "NixOS",
        "ref": "nixos-unstable",
        "repo": "nixpkgs",
        "type": "github"
      }
    },
    "nixpkgs_4": {
      "locked": {
        "lastModified": 1729665710,
        "narHash": "sha256-AlcmCXJZPIlO5dmFzV3V2XF6x/OpNWUV8Y/FMPGd8Z4=",
        "owner": "NixOS",
        "repo": "nixpkgs",
        "rev": "2768c7d042a37de65bb1b5b3268fc987e534c49d",
        "type": "github"
      },
      "original": {
        "id": "nixpkgs",
        "ref": "nixos-unstable",
        "type": "indirect"
      }
    },
    "nixvim": {
      "inputs": {
        "devshell": "devshell",
        "flake-compat": "flake-compat_2",
        "flake-parts": "flake-parts_2",
        "git-hooks": "git-hooks",
        "home-manager": "home-manager_2",
        "nix-darwin": "nix-darwin",
        "nixpkgs": "nixpkgs_3",
        "treefmt-nix": "treefmt-nix"
      },
      "locked": {
        "lastModified": 1719401747,
        "narHash": "sha256-GuY035SXf/wv685mhXsHv/syYh3XT9U8ZDdxr1pGgts=",
        "owner": "nix-community",
        "repo": "nixvim",
        "rev": "53a9599cc4da4f7557995b8611e5dba831261eef",
        "type": "github"
      },
      "original": {
        "owner": "nix-community",
        "repo": "nixvim",
        "type": "github"
      }
    },
    "nvfs": {
      "flake": false,
      "locked": {
        "lastModified": 1688579685,
        "narHash": "sha256-oJWJSAEACJSY8EFyl2Js+jSdIhdKhwatibBmD4OV2SE=",
        "owner": "LunarVim",
        "repo": "Neovim-from-scratch",
        "rev": "55d29f82613aeeb755cbd3c62c46b8c24e2045d4",
        "type": "github"
      },
      "original": {
        "owner": "LunarVim",
        "repo": "Neovim-from-scratch",
        "type": "github"
      }
    },
    "root": {
      "inputs": {
        "BOSL2": "BOSL2",
        "agda-cubical": "agda-cubical",
        "agda-docsets": "agda-docsets",
        "fuse-archive-yazi": "fuse-archive-yazi",
        "home-manager": "home-manager",
        "i3-switch-if-workspace-empty": "i3-switch-if-workspace-empty",
        "lasercut-box-openscad": "lasercut-box-openscad",
        "mikidep-neovim": "mikidep-neovim",
        "nix-env-fish": "nix-env-fish",
        "nix-index-database": "nix-index-database",
        "nixpkgs": "nixpkgs_4",
        "sway-new-workspace": "sway-new-workspace",
        "sway-workspace": "sway-workspace",
        "swayws": "swayws",
        "yazi-plugins": "yazi-plugins"
      }
    },
    "rust-analyzer-src": {
      "flake": false,
      "locked": {
        "lastModified": 1698762780,
        "narHash": "sha256-WzuwMjpitp41dacdNzrdGjjP72Z0fFyGuQR2PJk48pE=",
        "owner": "rust-lang",
        "repo": "rust-analyzer",
        "rev": "99e94d2938a743f8f48c6b729de4c517eeced99d",
        "type": "github"
      },
      "original": {
        "owner": "rust-lang",
        "ref": "nightly",
        "repo": "rust-analyzer",
        "type": "github"
      }
    },
    "sad-nvim": {
      "flake": false,
      "locked": {
        "lastModified": 1678691282,
        "narHash": "sha256-uwXldYA7JdZHqoB4qfCnZcQW9YBjlRWmiz8mKb9jHuI=",
        "owner": "ray-x",
        "repo": "sad.nvim",
        "rev": "869c7f3ca3dcd28fd78023db6a7e1bf8af0f4714",
        "type": "github"
      },
      "original": {
        "owner": "ray-x",
        "repo": "sad.nvim",
        "type": "github"
      }
    },
    "scrolleof-nvim": {
      "flake": false,
      "locked": {
        "lastModified": 1710122089,
        "narHash": "sha256-n36L6mtayKtXI/orwf0B72sFpgAKZ0HU4vv2UxKexvU=",
        "owner": "Aasim-A",
        "repo": "scrollEOF.nvim",
        "rev": "38fd5880021e90c15dc61fa325f714bd8077f0a6",
        "type": "github"
      },
      "original": {
        "owner": "Aasim-A",
        "repo": "scrollEOF.nvim",
        "type": "github"
      }
    },
    "sway-new-workspace": {
      "inputs": {
        "nixpkgs": [
          "nixpkgs"
        ]
      },
      "locked": {
        "lastModified": 1702932315,
        "narHash": "sha256-yAnt2kPVbV/h8I0qUTcDAES6V0GVX0bkcD7cYNORA+s=",
        "owner": "mikidep",
        "repo": "sway-new-workspace",
        "rev": "4b9f13163316ff6224d64d30c282b3d4e11c1bf4",
        "type": "github"
      },
      "original": {
        "owner": "mikidep",
        "repo": "sway-new-workspace",
        "type": "github"
      }
    },
    "sway-workspace": {
      "flake": false,
      "locked": {
        "lastModified": 1722442810,
        "narHash": "sha256-8rxO/jvLLRwU7LVX4UxA65+/1BI3rK5uJXkKIGbs5as=",
        "owner": "matejc",
        "repo": "sway-workspace",
        "rev": "d89d3e9f56863e299dacaf102447a3de964b06fd",
        "type": "github"
      },
      "original": {
        "owner": "matejc",
        "repo": "sway-workspace",
        "type": "github"
      }
    },
    "swayws": {
      "inputs": {
        "crane": "crane",
        "fenix": "fenix",
        "flake-utils": "flake-utils_5",
        "nixpkgs": [
          "nixpkgs"
        ]
      },
      "locked": {
        "lastModified": 1719692101,
        "narHash": "sha256-oJuhQA8IJvzh6iw0l5B/cvj4Wi0+k/8hY8imiykDS0k=",
        "owner": "mikidep",
        "repo": "swayws",
        "rev": "cff04fa244c20fbdc2fe206f62c634f3e844b623",
        "type": "github"
      },
      "original": {
        "owner": "mikidep",
        "repo": "swayws",
        "type": "github"
      }
    },
    "systems": {
      "locked": {
        "lastModified": 1681028828,
        "narHash": "sha256-Vy1rq5AaRuLzOxct8nz4T6wlgyUR7zLU309k9mBC768=",
        "owner": "nix-systems",
        "repo": "default",
        "rev": "da67096a3b9bf56a91d16901293e51ba5b49a27e",
        "type": "github"
      },
      "original": {
        "owner": "nix-systems",
        "repo": "default",
        "type": "github"
      }
    },
    "systems_2": {
      "locked": {
        "lastModified": 1681028828,
        "narHash": "sha256-Vy1rq5AaRuLzOxct8nz4T6wlgyUR7zLU309k9mBC768=",
        "owner": "nix-systems",
        "repo": "default",
        "rev": "da67096a3b9bf56a91d16901293e51ba5b49a27e",
        "type": "github"
      },
      "original": {
        "owner": "nix-systems",
        "repo": "default",
        "type": "github"
      }
    },
    "systems_3": {
      "locked": {
        "lastModified": 1681028828,
        "narHash": "sha256-Vy1rq5AaRuLzOxct8nz4T6wlgyUR7zLU309k9mBC768=",
        "owner": "nix-systems",
        "repo": "default",
        "rev": "da67096a3b9bf56a91d16901293e51ba5b49a27e",
        "type": "github"
      },
      "original": {
        "owner": "nix-systems",
        "repo": "default",
        "type": "github"
      }
    },
    "systems_4": {
      "locked": {
        "lastModified": 1681028828,
        "narHash": "sha256-Vy1rq5AaRuLzOxct8nz4T6wlgyUR7zLU309k9mBC768=",
        "owner": "nix-systems",
        "repo": "default",
        "rev": "da67096a3b9bf56a91d16901293e51ba5b49a27e",
        "type": "github"
      },
      "original": {
        "owner": "nix-systems",
        "repo": "default",
        "type": "github"
      }
    },
    "systems_5": {
      "locked": {
        "lastModified": 1681028828,
        "narHash": "sha256-Vy1rq5AaRuLzOxct8nz4T6wlgyUR7zLU309k9mBC768=",
        "owner": "nix-systems",
        "repo": "default",
        "rev": "da67096a3b9bf56a91d16901293e51ba5b49a27e",
        "type": "github"
      },
      "original": {
        "owner": "nix-systems",
        "repo": "default",
        "type": "github"
      }
    },
    "telescope-git-file-history-nvim": {
      "flake": false,
      "locked": {
        "lastModified": 1710955015,
        "narHash": "sha256-7cVmZaseWntB339DSB4sNKIMQkwkhLPBYEuLlVg0J28=",
        "owner": "isak102",
        "repo": "telescope-git-file-history.nvim",
        "rev": "f94fab1d5a51fa28dd95b1a6bd377505dc1a8e82",
        "type": "github"
      },
      "original": {
        "owner": "isak102",
        "repo": "telescope-git-file-history.nvim",
        "type": "github"
      }
    },
    "telescope-luasnip-nvim": {
      "flake": false,
      "locked": {
        "lastModified": 1717879659,
        "narHash": "sha256-jzLzucF2rAa3nkHE5n4g2StkSUjMOMK93JCH/g09DQY=",
        "owner": "benfowler",
        "repo": "telescope-luasnip.nvim",
        "rev": "11668478677de360dea45cf2b090d34f21b8ae07",
        "type": "github"
      },
      "original": {
        "owner": "benfowler",
        "repo": "telescope-luasnip.nvim",
        "type": "github"
      }
    },
    "treefmt-nix": {
      "inputs": {
        "nixpkgs": [
          "mikidep-neovim",
          "nixvim",
          "nixpkgs"
        ]
      },
      "locked": {
        "lastModified": 1719243788,
        "narHash": "sha256-9T9mSY35EZSM1KAwb7K9zwQ78qTlLjosZgtUGnw4rn4=",
        "owner": "numtide",
        "repo": "treefmt-nix",
        "rev": "065a23edceff48f948816b795ea8cc6c0dee7cdf",
        "type": "github"
      },
      "original": {
        "owner": "numtide",
        "repo": "treefmt-nix",
        "type": "github"
      }
    },
    "tshjkl": {
      "flake": false,
      "locked": {
        "lastModified": 1716415597,
        "narHash": "sha256-8W6iYQk0x6RSJi+cY9F6YUD4Z5rwMOjgq5YmmXgf6mk=",
        "owner": "gsuuon",
        "repo": "tshjkl.nvim",
        "rev": "3fe81ab2c15f014a78b752062238d6c110a08fc8",
        "type": "github"
      },
      "original": {
        "owner": "gsuuon",
        "repo": "tshjkl.nvim",
        "type": "github"
      }
    },
    "yazi-plugins": {
      "flake": false,
      "locked": {
        "lastModified": 1731736005,
        "narHash": "sha256-RYa7wbFGZ9citYYdF9FYJwzUGBmIUvNBdORpBPb6ZnQ=",
        "owner": "yazi-rs",
        "repo": "plugins",
        "rev": "4a6edc3349a2a9850075363965d05b9063817df4",
        "type": "github"
      },
      "original": {
        "owner": "yazi-rs",
        "repo": "plugins",
        "type": "github"
      }
    }
  },
  "root": "root",
  "version": 7
}
