{
  "nodes": {
    "BOSL2": {
      "flake": false,
      "locked": {
        "lastModified": 1741650518,
        "narHash": "sha256-JJU84A3fPCLUO615hkCdx9DTdbWZq/foOem+Xb/Q8C8=",
        "owner": "BelfrySCAD",
        "repo": "BOSL2",
        "rev": "5745f1b615bc6ee519cc30353b813ecbb5c9c5e0",
        "type": "github"
      },
      "original": {
        "owner": "BelfrySCAD",
        "repo": "BOSL2",
        "type": "github"
      }
    },
    "agda-index": {
      "inputs": {
        "flake-utils": "flake-utils",
        "nixpkgs": [
          "nixpkgs"
        ]
      },
      "locked": {
        "lastModified": 1713630691,
        "narHash": "sha256-JudzuSlSK0Vtw5o7x/CRgI6Bp5zuuhWvR71qdIzBQ9Y=",
        "owner": "phijor",
        "repo": "agda-index",
        "rev": "c37a0df72349b36094c6a75edb0bca3ab4241994",
        "type": "github"
      },
      "original": {
        "owner": "phijor",
        "repo": "agda-index",
        "type": "github"
      }
    },
    "cmp-agda-symbols": {
      "flake": false,
      "locked": {
        "lastModified": 1709208014,
        "narHash": "sha256-O+peKs/NeZADkVFFKgY7g34lejOQp+tlXrXEm9ZatYw=",
        "owner": "Arkissa",
        "repo": "cmp-agda-symbols",
        "rev": "4fe1a58d24a59146142af9181c211b26f0395a9e",
        "type": "github"
      },
      "original": {
        "owner": "Arkissa",
        "repo": "cmp-agda-symbols",
        "type": "github"
      }
    },
    "cmp-vimtex": {
      "flake": false,
      "locked": {
        "lastModified": 1722941837,
        "narHash": "sha256-pD2dPdpyn5A/uwonDdAxCX138yBeDqbXDdlG/IKjVTU=",
        "owner": "micangl",
        "repo": "cmp-vimtex",
        "rev": "5283bf9108ef33d41e704027b9ef22437ce7a15b",
        "type": "github"
      },
      "original": {
        "owner": "micangl",
        "repo": "cmp-vimtex",
        "type": "github"
      }
    },
    "flake-parts": {
      "inputs": {
        "nixpkgs-lib": "nixpkgs-lib"
      },
      "locked": {
        "lastModified": 1740872218,
        "narHash": "sha256-ZaMw0pdoUKigLpv9HiNDH2Pjnosg7NBYMJlHTIsHEUo=",
        "owner": "hercules-ci",
        "repo": "flake-parts",
        "rev": "3876f6b87db82f33775b1ef5ea343986105db764",
        "type": "github"
      },
      "original": {
        "owner": "hercules-ci",
        "repo": "flake-parts",
        "type": "github"
      }
    },
    "flake-parts_2": {
      "inputs": {
        "nixpkgs-lib": [
          "mikidep-neovim",
          "nixvim",
          "nixpkgs"
        ]
      },
      "locked": {
        "lastModified": 1738453229,
        "narHash": "sha256-7H9XgNiGLKN1G1CgRh0vUL4AheZSYzPm+zmZ7vxbJdo=",
        "owner": "hercules-ci",
        "repo": "flake-parts",
        "rev": "32ea77a06711b758da0ad9bd6a844c5740a87abd",
        "type": "github"
      },
      "original": {
        "owner": "hercules-ci",
        "repo": "flake-parts",
        "type": "github"
      }
    },
    "flake-parts_3": {
      "inputs": {
        "nixpkgs-lib": [
          "nur",
          "nixpkgs"
        ]
      },
      "locked": {
        "lastModified": 1733312601,
        "narHash": "sha256-4pDvzqnegAfRkPwO3wmwBhVi/Sye1mzps0zHWYnP88c=",
        "owner": "hercules-ci",
        "repo": "flake-parts",
        "rev": "205b12d8b7cd4802fbcb8e8ef6a0f1408781a4f9",
        "type": "github"
      },
      "original": {
        "owner": "hercules-ci",
        "repo": "flake-parts",
        "type": "github"
      }
    },
    "flake-utils": {
      "inputs": {
        "systems": "systems"
      },
      "locked": {
        "lastModified": 1710146030,
        "narHash": "sha256-SZ5L6eA7HJ/nmkzGG7/ISclqe6oZdOZTNoesiInkXPQ=",
        "owner": "numtide",
        "repo": "flake-utils",
        "rev": "b1d9ab70662946ef0850d488da1c9019f3a9752a",
        "type": "github"
      },
      "original": {
        "owner": "numtide",
        "repo": "flake-utils",
        "type": "github"
      }
    },
    "flake-utils_2": {
      "inputs": {
        "systems": "systems_2"
      },
      "locked": {
        "lastModified": 1731533236,
        "narHash": "sha256-l0KFg5HjrsfsO/JpG+r7fRrqm12kzFHyUHqHCVpMMbI=",
        "owner": "numtide",
        "repo": "flake-utils",
        "rev": "11707dc2f618dd54ca8739b309ec4fc024de578b",
        "type": "github"
      },
      "original": {
        "owner": "numtide",
        "repo": "flake-utils",
        "type": "github"
      }
    },
    "floating-help-nvim": {
      "flake": false,
      "locked": {
        "lastModified": 1714942035,
        "narHash": "sha256-S1dDrcN8nnWn2lc1M40QfWuPWtvrAvDk+cXiEvUVVs0=",
        "owner": "Tyler-Barham",
        "repo": "floating-help.nvim",
        "rev": "1e61cb6804b7aac7fb0ccfdccbbd01a0a4c92241",
        "type": "github"
      },
      "original": {
        "owner": "Tyler-Barham",
        "repo": "floating-help.nvim",
        "type": "github"
      }
    },
    "fuse-archive-yazi": {
      "flake": false,
      "locked": {
        "lastModified": 1737367672,
        "narHash": "sha256-xkXNcZm+IroOu0+9/qjmh9c8HODteEJ0+jAVEbTRayg=",
        "owner": "dawsers",
        "repo": "fuse-archive.yazi",
        "rev": "a58327c0073c9f78dc0d7de7da6bb48e90cb7f86",
        "type": "github"
      },
      "original": {
        "owner": "dawsers",
        "repo": "fuse-archive.yazi",
        "type": "github"
      }
    },
    "guihua-lua": {
      "flake": false,
      "locked": {
        "lastModified": 1730516234,
        "narHash": "sha256-XpUsbj1boDfbyE8C6SdOvZdkd97682VVC81fvQ5WA/4=",
        "owner": "ray-x",
        "repo": "guihua.lua",
        "rev": "d783191eaa75215beae0c80319fcce5e6b3beeda",
        "type": "github"
      },
      "original": {
        "owner": "ray-x",
        "repo": "guihua.lua",
        "type": "github"
      }
    },
    "home-manager": {
      "inputs": {
        "nixpkgs": [
          "nixpkgs"
        ]
      },
      "locked": {
        "lastModified": 1741955947,
        "narHash": "sha256-2lbURKclgKqBNm7hVRtWh0A7NrdsibD0EaWhahUVhhY=",
        "owner": "nix-community",
        "repo": "home-manager",
        "rev": "4e12151c9e014e2449e0beca2c0e9534b96a26b4",
        "type": "github"
      },
      "original": {
        "owner": "nix-community",
        "repo": "home-manager",
        "type": "github"
      }
    },
    "i3-switch-if-workspace-empty": {
      "flake": false,
      "locked": {
        "lastModified": 1542452636,
        "narHash": "sha256-26AdZPUQA9hZjjoqduBP6i7EtbtKWBTkOwIG2bJlxIc=",
        "owner": "giuseppe-dandrea",
        "repo": "i3-switch-if-workspace-empty",
        "rev": "8c033c1a9874e9eb703170e14b6e15fb21da1c3f",
        "type": "github"
      },
      "original": {
        "owner": "giuseppe-dandrea",
        "repo": "i3-switch-if-workspace-empty",
        "type": "github"
      }
    },
    "ixx": {
      "inputs": {
        "flake-utils": [
          "mikidep-neovim",
          "nixvim",
          "nuschtosSearch",
          "flake-utils"
        ],
        "nixpkgs": [
          "mikidep-neovim",
          "nixvim",
          "nuschtosSearch",
          "nixpkgs"
        ]
      },
      "locked": {
        "lastModified": 1729958008,
        "narHash": "sha256-EiOq8jF4Z/zQe0QYVc3+qSKxRK//CFHMB84aYrYGwEs=",
        "owner": "NuschtOS",
        "repo": "ixx",
        "rev": "9fd01aad037f345350eab2cd45e1946cc66da4eb",
        "type": "github"
      },
      "original": {
        "owner": "NuschtOS",
        "ref": "v0.0.6",
        "repo": "ixx",
        "type": "github"
      }
    },
    "lasercut-box-openscad": {
      "flake": false,
      "locked": {
        "lastModified": 1681557149,
        "narHash": "sha256-L7cOuIUElCttGGPYZadp/1A986HlzMoBHKj1xk6B+vI=",
        "owner": "larsch",
        "repo": "lasercut-box-openscad",
        "rev": "0496a3a6516b91f7c5b02f35b9db21936ef27e01",
        "type": "github"
      },
      "original": {
        "owner": "larsch",
        "repo": "lasercut-box-openscad",
        "type": "github"
      }
    },
    "ltex-utils-nvim": {
      "flake": false,
      "locked": {
        "lastModified": 1691877017,
        "narHash": "sha256-3At3UNTsug0p+eBw9HeedrPRUq8YFBAVrFgQtOCaTqo=",
        "owner": "jhofscheier",
        "repo": "ltex-utils.nvim",
        "rev": "8c6ef83d5ba059725265825f72a329757216991c",
        "type": "github"
      },
      "original": {
        "owner": "jhofscheier",
        "repo": "ltex-utils.nvim",
        "type": "github"
      }
    },
    "luasnip-latex-snippets-nvim": {
      "flake": false,
      "locked": {
        "lastModified": 1732525822,
        "narHash": "sha256-9p4B6rK7zxLwG7TxLcXjiaRiEjlLBqpV6H0peS7XoJQ=",
        "owner": "evesdropper",
        "repo": "luasnip-latex-snippets.nvim",
        "rev": "e72dc5fafb5ec826ab350871c9a0521ba8ecd6a5",
        "type": "github"
      },
      "original": {
        "owner": "evesdropper",
        "repo": "luasnip-latex-snippets.nvim",
        "type": "github"
      }
    },
    "marp-nvim": {
      "flake": false,
      "locked": {
        "lastModified": 1722411115,
        "narHash": "sha256-CebyoqIBi8xT5U+aCBwptOSz89KxhXS27kAtPrRZvT8=",
        "owner": "mpas",
        "repo": "marp-nvim",
        "rev": "4f38e6ffe2f5ea260f35f7ff3e4e424b9f8bea29",
        "type": "github"
      },
      "original": {
        "owner": "mpas",
        "repo": "marp-nvim",
        "type": "github"
      }
    },
    "midnight-nvim": {
      "flake": false,
      "locked": {
        "lastModified": 1730490826,
        "narHash": "sha256-X1TLibzUF1f2qoGn886Y1OcbAZNMo4LXJVRRbB9/Hng=",
        "owner": "dasupradyumna",
        "repo": "midnight.nvim",
        "rev": "fe062a6f2e5bd77cd8a260f61e6e12789eaf4f13",
        "type": "github"
      },
      "original": {
        "owner": "dasupradyumna",
        "repo": "midnight.nvim",
        "type": "github"
      }
    },
    "mikidep-neovim": {
      "inputs": {
        "cmp-agda-symbols": "cmp-agda-symbols",
        "cmp-vimtex": "cmp-vimtex",
        "flake-parts": "flake-parts",
        "floating-help-nvim": "floating-help-nvim",
        "guihua-lua": "guihua-lua",
        "ltex-utils-nvim": "ltex-utils-nvim",
        "luasnip-latex-snippets-nvim": "luasnip-latex-snippets-nvim",
        "marp-nvim": "marp-nvim",
        "midnight-nvim": "midnight-nvim",
        "nixpkgs": [
          "nixpkgs"
        ],
        "nixvim": "nixvim",
        "nvfs": "nvfs",
        "scrolleof-nvim": "scrolleof-nvim",
        "telescope-git-file-history-nvim": "telescope-git-file-history-nvim",
        "telescope-luasnip-nvim": "telescope-luasnip-nvim",
        "tree-sitter-openscad": "tree-sitter-openscad"
      },
      "locked": {
        "lastModified": 1741950839,
        "narHash": "sha256-4undKrYxeH/OxG1jE/6+RAj4Joj4PC2Jn4pMc52abus=",
        "owner": "mikidep",
        "repo": "neovim",
        "rev": "8349fc84d1e05570d76f3d0fee4390291f4813fd",
        "type": "github"
      },
      "original": {
        "owner": "mikidep",
        "repo": "neovim",
        "type": "github"
      }
    },
    "nix-env-fish": {
      "flake": false,
      "locked": {
        "lastModified": 1638213644,
        "narHash": "sha256-RG/0rfhgq6aEKNZ0XwIqOaZ6K5S4+/Y5EEMnIdtfPhk=",
        "owner": "lilyball",
        "repo": "nix-env.fish",
        "rev": "7b65bd228429e852c8fdfa07601159130a818cfa",
        "type": "github"
      },
      "original": {
        "owner": "lilyball",
        "repo": "nix-env.fish",
        "type": "github"
      }
    },
    "nix-index-database": {
      "inputs": {
        "nixpkgs": [
          "nixpkgs"
        ]
      },
      "locked": {
        "lastModified": 1741619381,
        "narHash": "sha256-koZtlJRqi0/MD/AKd0KrXLA2NuBOVzlIyAJprjzpxZE=",
        "owner": "nix-community",
        "repo": "nix-index-database",
        "rev": "66537fb185462ba9b07f4e6f2d54894a1b2d04ab",
        "type": "github"
      },
      "original": {
        "owner": "nix-community",
        "repo": "nix-index-database",
        "type": "github"
      }
    },
    "nixpkgs": {
      "locked": {
        "lastModified": 1741851582,
        "narHash": "sha256-cPfs8qMccim2RBgtKGF+x9IBCduRvd/N5F4nYpU0TVE=",
        "owner": "NixOS",
        "repo": "nixpkgs",
        "rev": "6607cf789e541e7873d40d3a8f7815ea92204f32",
        "type": "github"
      },
      "original": {
        "id": "nixpkgs",
        "ref": "nixos-unstable",
        "type": "indirect"
      }
    },
    "nixpkgs-lib": {
      "locked": {
        "lastModified": 1740872140,
        "narHash": "sha256-3wHafybyRfpUCLoE8M+uPVZinImg3xX+Nm6gEfN3G8I=",
        "type": "tarball",
        "url": "https://github.com/NixOS/nixpkgs/archive/6d3702243441165a03f699f64416f635220f4f15.tar.gz"
      },
      "original": {
        "type": "tarball",
        "url": "https://github.com/NixOS/nixpkgs/archive/6d3702243441165a03f699f64416f635220f4f15.tar.gz"
      }
    },
    "nixpkgs-stable": {
      "locked": {
        "lastModified": 1741862977,
        "narHash": "sha256-prZ0M8vE/ghRGGZcflvxCu40ObKaB+ikn74/xQoNrGQ=",
        "owner": "NixOS",
        "repo": "nixpkgs",
        "rev": "cdd2ef009676ac92b715ff26630164bb88fec4e0",
        "type": "github"
      },
      "original": {
        "id": "nixpkgs",
        "ref": "nixos-24.11",
        "type": "indirect"
      }
    },
    "nixvim": {
      "inputs": {
        "flake-parts": "flake-parts_2",
        "nixpkgs": [
          "mikidep-neovim",
          "nixpkgs"
        ],
        "nuschtosSearch": "nuschtosSearch"
      },
      "locked": {
        "lastModified": 1741098523,
        "narHash": "sha256-gXDSXDr6tAb+JgxGMvcEjKC9YO8tVOd8hMMZHJLyQ6Q=",
        "owner": "nix-community",
        "repo": "nixvim",
        "rev": "03065fd4708bfdf47dd541d655392a60daa25ded",
        "type": "github"
      },
      "original": {
        "owner": "nix-community",
        "repo": "nixvim",
        "type": "github"
      }
    },
    "nur": {
      "inputs": {
        "flake-parts": "flake-parts_3",
        "nixpkgs": [
          "nixpkgs"
        ],
        "treefmt-nix": "treefmt-nix"
      },
      "locked": {
        "lastModified": 1741962889,
        "narHash": "sha256-kTa0f8+Kayo19C9csQd/uVJmONaduqhh4GZ4VycX0w8=",
        "owner": "nix-community",
        "repo": "NUR",
        "rev": "433b1a302be3ce4b7d8abc5734f29a2699dab954",
        "type": "github"
      },
      "original": {
        "owner": "nix-community",
        "repo": "NUR",
        "type": "github"
      }
    },
    "nuschtosSearch": {
      "inputs": {
        "flake-utils": "flake-utils_2",
        "ixx": "ixx",
        "nixpkgs": [
          "mikidep-neovim",
          "nixvim",
          "nixpkgs"
        ]
      },
      "locked": {
        "lastModified": 1738508923,
        "narHash": "sha256-4DaDrQDAIxlWhTjH6h/+xfG05jt3qDZrZE/7zDLQaS4=",
        "owner": "NuschtOS",
        "repo": "search",
        "rev": "86e2038290859006e05ca7201425ea5b5de4aecb",
        "type": "github"
      },
      "original": {
        "owner": "NuschtOS",
        "repo": "search",
        "type": "github"
      }
    },
    "nvfs": {
      "flake": false,
      "locked": {
        "lastModified": 1688579685,
        "narHash": "sha256-oJWJSAEACJSY8EFyl2Js+jSdIhdKhwatibBmD4OV2SE=",
        "owner": "LunarVim",
        "repo": "Neovim-from-scratch",
        "rev": "55d29f82613aeeb755cbd3c62c46b8c24e2045d4",
        "type": "github"
      },
      "original": {
        "owner": "LunarVim",
        "repo": "Neovim-from-scratch",
        "type": "github"
      }
    },
    "root": {
      "inputs": {
        "BOSL2": "BOSL2",
        "agda-index": "agda-index",
        "fuse-archive-yazi": "fuse-archive-yazi",
        "home-manager": "home-manager",
        "i3-switch-if-workspace-empty": "i3-switch-if-workspace-empty",
        "lasercut-box-openscad": "lasercut-box-openscad",
        "mikidep-neovim": "mikidep-neovim",
        "nix-env-fish": "nix-env-fish",
        "nix-index-database": "nix-index-database",
        "nixpkgs": "nixpkgs",
        "nixpkgs-stable": "nixpkgs-stable",
        "nur": "nur",
        "sway-new-workspace": "sway-new-workspace",
        "sway-workspace": "sway-workspace",
        "swayws-src": "swayws-src",
        "yazi-plugins": "yazi-plugins"
      }
    },
    "scrolleof-nvim": {
      "flake": false,
      "locked": {
        "lastModified": 1738660728,
        "narHash": "sha256-MHa53sHrqSrIKrWjM1Nqz9Lr3TWYGFLXZH6LGER0b18=",
        "owner": "Aasim-A",
        "repo": "scrollEOF.nvim",
        "rev": "a186f695b500e9f0b569102a4a5e8a255cd0d198",
        "type": "github"
      },
      "original": {
        "owner": "Aasim-A",
        "repo": "scrollEOF.nvim",
        "type": "github"
      }
    },
    "sway-new-workspace": {
      "inputs": {
        "nixpkgs": [
          "nixpkgs"
        ]
      },
      "locked": {
        "lastModified": 1702932315,
        "narHash": "sha256-yAnt2kPVbV/h8I0qUTcDAES6V0GVX0bkcD7cYNORA+s=",
        "owner": "mikidep",
        "repo": "sway-new-workspace",
        "rev": "4b9f13163316ff6224d64d30c282b3d4e11c1bf4",
        "type": "github"
      },
      "original": {
        "owner": "mikidep",
        "repo": "sway-new-workspace",
        "type": "github"
      }
    },
    "sway-workspace": {
      "flake": false,
      "locked": {
        "lastModified": 1722442810,
        "narHash": "sha256-8rxO/jvLLRwU7LVX4UxA65+/1BI3rK5uJXkKIGbs5as=",
        "owner": "matejc",
        "repo": "sway-workspace",
        "rev": "d89d3e9f56863e299dacaf102447a3de964b06fd",
        "type": "github"
      },
      "original": {
        "owner": "matejc",
        "repo": "sway-workspace",
        "type": "github"
      }
    },
    "swayws-src": {
      "flake": false,
      "locked": {
        "lastModified": 1719692101,
        "narHash": "sha256-oJuhQA8IJvzh6iw0l5B/cvj4Wi0+k/8hY8imiykDS0k=",
        "owner": "mikidep",
        "repo": "swayws",
        "rev": "cff04fa244c20fbdc2fe206f62c634f3e844b623",
        "type": "github"
      },
      "original": {
        "owner": "mikidep",
        "repo": "swayws",
        "type": "github"
      }
    },
    "systems": {
      "locked": {
        "lastModified": 1681028828,
        "narHash": "sha256-Vy1rq5AaRuLzOxct8nz4T6wlgyUR7zLU309k9mBC768=",
        "owner": "nix-systems",
        "repo": "default",
        "rev": "da67096a3b9bf56a91d16901293e51ba5b49a27e",
        "type": "github"
      },
      "original": {
        "owner": "nix-systems",
        "repo": "default",
        "type": "github"
      }
    },
    "systems_2": {
      "locked": {
        "lastModified": 1681028828,
        "narHash": "sha256-Vy1rq5AaRuLzOxct8nz4T6wlgyUR7zLU309k9mBC768=",
        "owner": "nix-systems",
        "repo": "default",
        "rev": "da67096a3b9bf56a91d16901293e51ba5b49a27e",
        "type": "github"
      },
      "original": {
        "owner": "nix-systems",
        "repo": "default",
        "type": "github"
      }
    },
    "telescope-git-file-history-nvim": {
      "flake": false,
      "locked": {
        "lastModified": 1727128584,
        "narHash": "sha256-rf5orEKvsS7gRcUb3+USmCK2SD84xusGU1xIIW8Ntyw=",
        "owner": "isak102",
        "repo": "telescope-git-file-history.nvim",
        "rev": "c27d99ba88ec5f0b6d2b9f9bc67dd3d14c610b25",
        "type": "github"
      },
      "original": {
        "owner": "isak102",
        "repo": "telescope-git-file-history.nvim",
        "type": "github"
      }
    },
    "telescope-luasnip-nvim": {
      "flake": false,
      "locked": {
        "lastModified": 1734145237,
        "narHash": "sha256-9XsV2hPjt05q+y5FiSbKYYXnznDKYOsDwsVmfskYd3M=",
        "owner": "benfowler",
        "repo": "telescope-luasnip.nvim",
        "rev": "07a2a2936a7557404c782dba021ac0a03165b343",
        "type": "github"
      },
      "original": {
        "owner": "benfowler",
        "repo": "telescope-luasnip.nvim",
        "type": "github"
      }
    },
    "tree-sitter-openscad": {
      "flake": false,
      "locked": {
        "lastModified": 1711426159,
        "narHash": "sha256-4kzu8OXAGzs3y+mpAKeQxJ0M9wlJdiv11i8PnGLuH2c=",
        "owner": "bollian",
        "repo": "tree-sitter-openscad",
        "rev": "bb1e12023e59489c0892af0c0c9a5b323af69df6",
        "type": "github"
      },
      "original": {
        "owner": "bollian",
        "repo": "tree-sitter-openscad",
        "type": "github"
      }
    },
    "treefmt-nix": {
      "inputs": {
        "nixpkgs": [
          "nur",
          "nixpkgs"
        ]
      },
      "locked": {
        "lastModified": 1733222881,
        "narHash": "sha256-JIPcz1PrpXUCbaccEnrcUS8jjEb/1vJbZz5KkobyFdM=",
        "owner": "numtide",
        "repo": "treefmt-nix",
        "rev": "49717b5af6f80172275d47a418c9719a31a78b53",
        "type": "github"
      },
      "original": {
        "owner": "numtide",
        "repo": "treefmt-nix",
        "type": "github"
      }
    },
    "yazi-plugins": {
      "flake": false,
      "locked": {
        "lastModified": 1741783605,
        "narHash": "sha256-XDz67eHmVM5NrnQ/uPXN/jRgmrShs80anWnHpVmbPO8=",
        "owner": "yazi-rs",
        "repo": "plugins",
        "rev": "cb6165b25515b653a70f72a67889579d190facfe",
        "type": "github"
      },
      "original": {
        "owner": "yazi-rs",
        "repo": "plugins",
        "type": "github"
      }
    }
  },
  "root": "root",
  "version": 7
}
